[[schemas]]
subject = "customer"
version = 1
sha512 = "d75800df0d4744c6b0f4d9a9952d3bfd0bb6b24a8babd19104cc11b54a525f85551b3c7375d69aeabbcf629cd826aa0bc6b0c0467add20716c504f5e856ce1c5"

[[schemas]]
subject = "nfts"
version = 1
sha512 = "10338b46a4d2caa2e1a22d1a7c62eb9d9b3465dd457cdbc12837cc2b2d0ca25099a4723ae3cc26e4eb41871866ee9957deffdf90f4fa2b3e9dfe667aa3fe09c3"

[[schemas]]
subject = "organization"
version = 1
sha512 = "db2ea24b06b84c84efdf833ea5b878d908c794073e1f943659c4ac947a9214663094941ac4bd6acf699d6a2b907b3b388ff835b23614f3c90a484c9ae2f091ab"

[[schemas]]
subject = "solana_nfts"
version = 1
sha512 = "2d6a5208c2e76bc07b180b9a0909062aad2ff82c9661c96dd483f2c50870e89a5111ecf6bc99147a24837618b2d9794712581838c01829ffd1181614ee32a790"

[[schemas]]
subject = "treasury"
version = 1
sha512 = "e35c2e7766d4cd718c6827c5c57b2fcb6a92ad84b0d56e2afca2bf1a132831b0d2bb39ec4a0bf486a7559ac77b8e2de6a346c9452c5882d0d9a02ec7892f95a1"
