[[schemas]]
subject = "customer"
version = 2
sha512 = "d75800df0d4744c6b0f4d9a9952d3bfd0bb6b24a8babd19104cc11b54a525f85551b3c7375d69aeabbcf629cd826aa0bc6b0c0467add20716c504f5e856ce1c5"

[[schemas]]
subject = "nfts"
version = 14
sha512 = "8158d40a21145a2a0ef9a93ce423ef61fe404d9cc2b9fc3d1d358ba54e7ceb447c03f2c0507d1388595d523ba216a7ba483535c566059740fa301476eb190288"

[[schemas]]
subject = "organization"
version = 5
sha512 = "9fb28ac73d9712292297394a5fa53a7dae9deba6847353582987ba749859301c23c05fd49d2ce84a1640f8864c5c04d59fa38907700b280000e5c4afc96654bf"

[[schemas]]
subject = "polygon_nfts"
version = 3
sha512 = "370089156e7e7c9538f6d5f66f3f53feb03423a99fd5386794c573a57538cefe8d59203ddd82be383d32d19f00dede702d58fc4b92ccb27f5eccb5808be7c5c6"

[[schemas]]
subject = "solana_nfts"
version = 6
sha512 = "106f013837b6efc1449778e7beb825d501214af42bd60153c8f09dfd25e3084b46782093ab6f1e5f194b99d9a5cb5eb9b72fec2ba953ae92c1e8ce9724264b40"

[[schemas]]
subject = "treasury"
version = 19
sha512 = "af9c5b6f8f6aef713a686b9253ef87a2332e8a69b4e0adbeab3a587ef2b74c09b510e3b017bf75bc2d1e083846073dcfd39cd104d95a4a76406a3a7fa0dbe2fb"
