[[schemas]]
subject = "customer"
version = 1
sha512 = "d75800df0d4744c6b0f4d9a9952d3bfd0bb6b24a8babd19104cc11b54a525f85551b3c7375d69aeabbcf629cd826aa0bc6b0c0467add20716c504f5e856ce1c5"

[[schemas]]
subject = "nfts"
version = 1
sha512 = "387154ff6cb0f3359b3922018fe90266a9f3ab49f37c894a97f53d131671178fdeaf53045b67911cad97838324d423de61d0d6181ad46cc67ca08989403afdfd"

[[schemas]]
subject = "organization"
version = 1
sha512 = "db2ea24b06b84c84efdf833ea5b878d908c794073e1f943659c4ac947a9214663094941ac4bd6acf699d6a2b907b3b388ff835b23614f3c90a484c9ae2f091ab"

[[schemas]]
subject = "polygon_nfts"
version = 1
sha512 = "00a16bf48e3104f6e3123c033cf5bdecd6d01d7496657a20108e9948d7a5be773e51c8dd825e6b1c98e3f24cd92167cdf442b12f1fd448d333033c52065b375e"

[[schemas]]
subject = "solana_nfts"
version = 1
sha512 = "61607321ed380e34b130e37d0009c91dd0696345c942a209a272e0c47f24d57b475762744f13f72a2f06da1aa1a97631bc5d888925a69f28ddcd4c6831c7056b"

[[schemas]]
subject = "treasury"
version = 1
sha512 = "8dc8470d461ffc62e0729a6523e03c2b334d6096304509c854bd02709ee1191fe0768356e87a44858584cd2fddbbbdf6e0d5236dcfe4a26eea9f011df583d4f7"
